// !$*UTF8*$!
{
	archiveVersion = 1;
	classes = {
	};
	objectVersion = 55;
	objects = {

/* Begin PBXBuildFile section */
		6E6B6C39290B20180033DD58 /* iDini_2App.swift in Sources */ = {isa = PBXBuildFile; fileRef = 6E6B6C38290B20180033DD58 /* iDini_2App.swift */; };
		6E6B6C3B290B20180033DD58 /* ContentView.swift in Sources */ = {isa = PBXBuildFile; fileRef = 6E6B6C3A290B20180033DD58 /* ContentView.swift */; };
		6E6B6C3D290B201B0033DD58 /* Assets.xcassets in Resources */ = {isa = PBXBuildFile; fileRef = 6E6B6C3C290B201B0033DD58 /* Assets.xcassets */; };
		6E6B6C40290B201B0033DD58 /* Preview Assets.xcassets in Resources */ = {isa = PBXBuildFile; fileRef = 6E6B6C3F290B201B0033DD58 /* Preview Assets.xcassets */; };
		6E6B6C4A290B201B0033DD58 /* iDini_2Tests.swift in Sources */ = {isa = PBXBuildFile; fileRef = 6E6B6C49290B201B0033DD58 /* iDini_2Tests.swift */; };
		6E6B6C54290B201B0033DD58 /* iDini_2UITests.swift in Sources */ = {isa = PBXBuildFile; fileRef = 6E6B6C53290B201B0033DD58 /* iDini_2UITests.swift */; };
		6E6B6C56290B201B0033DD58 /* iDini_2UITestsLaunchTests.swift in Sources */ = {isa = PBXBuildFile; fileRef = 6E6B6C55290B201B0033DD58 /* iDini_2UITestsLaunchTests.swift */; };
		6E6B6C66290B202F0033DD58 /* Order.swift in Sources */ = {isa = PBXBuildFile; fileRef = 6E6B6C62290B202F0033DD58 /* Order.swift */; };
		6E6B6C67290B202F0033DD58 /* menu.json in Resources */ = {isa = PBXBuildFile; fileRef = 6E6B6C63290B202F0033DD58 /* menu.json */; };
		6E6B6C68290B202F0033DD58 /* Helper.swift in Sources */ = {isa = PBXBuildFile; fileRef = 6E6B6C64290B202F0033DD58 /* Helper.swift */; };
		6E6B6C69290B202F0033DD58 /* Menu.swift in Sources */ = {isa = PBXBuildFile; fileRef = 6E6B6C65290B202F0033DD58 /* Menu.swift */; };
		6E6B6C6B290B24870033DD58 /* ItemRow.swift in Sources */ = {isa = PBXBuildFile; fileRef = 6E6B6C6A290B24870033DD58 /* ItemRow.swift */; };
/* End PBXBuildFile section */

/* Begin PBXContainerItemProxy section */
		6E6B6C46290B201B0033DD58 /* PBXContainerItemProxy */ = {
			isa = PBXContainerItemProxy;
			containerPortal = 6E6B6C2D290B20180033DD58 /* Project object */;
			proxyType = 1;
			remoteGlobalIDString = 6E6B6C34290B20180033DD58;
			remoteInfo = "iDini 2";
		};
		6E6B6C50290B201B0033DD58 /* PBXContainerItemProxy */ = {
			isa = PBXContainerItemProxy;
			containerPortal = 6E6B6C2D290B20180033DD58 /* Project object */;
			proxyType = 1;
			remoteGlobalIDString = 6E6B6C34290B20180033DD58;
			remoteInfo = "iDini 2";
		};
/* End PBXContainerItemProxy section */

/* Begin PBXFileReference section */
		6E6B6C35290B20180033DD58 /* iDini 2.app */ = {isa = PBXFileReference; explicitFileType = wrapper.application; includeInIndex = 0; path = "iDini 2.app"; sourceTree = BUILT_PRODUCTS_DIR; };
		6E6B6C38290B20180033DD58 /* iDini_2App.swift */ = {isa = PBXFileReference; lastKnownFileType = sourcecode.swift; path = iDini_2App.swift; sourceTree = "<group>"; };
		6E6B6C3A290B20180033DD58 /* ContentView.swift */ = {isa = PBXFileReference; lastKnownFileType = sourcecode.swift; path = ContentView.swift; sourceTree = "<group>"; };
		6E6B6C3C290B201B0033DD58 /* Assets.xcassets */ = {isa = PBXFileReference; lastKnownFileType = folder.assetcatalog; path = Assets.xcassets; sourceTree = "<group>"; };
		6E6B6C3F290B201B0033DD58 /* Preview Assets.xcassets */ = {isa = PBXFileReference; lastKnownFileType = folder.assetcatalog; path = "Preview Assets.xcassets"; sourceTree = "<group>"; };
		6E6B6C45290B201B0033DD58 /* iDini 2Tests.xctest */ = {isa = PBXFileReference; explicitFileType = wrapper.cfbundle; includeInIndex = 0; path = "iDini 2Tests.xctest"; sourceTree = BUILT_PRODUCTS_DIR; };
		6E6B6C49290B201B0033DD58 /* iDini_2Tests.swift */ = {isa = PBXFileReference; lastKnownFileType = sourcecode.swift; path = iDini_2Tests.swift; sourceTree = "<group>"; };
		6E6B6C4F290B201B0033DD58 /* iDini 2UITests.xctest */ = {isa = PBXFileReference; explicitFileType = wrapper.cfbundle; includeInIndex = 0; path = "iDini 2UITests.xctest"; sourceTree = BUILT_PRODUCTS_DIR; };
		6E6B6C53290B201B0033DD58 /* iDini_2UITests.swift */ = {isa = PBXFileReference; lastKnownFileType = sourcecode.swift; path = iDini_2UITests.swift; sourceTree = "<group>"; };
		6E6B6C55290B201B0033DD58 /* iDini_2UITestsLaunchTests.swift */ = {isa = PBXFileReference; lastKnownFileType = sourcecode.swift; path = iDini_2UITestsLaunchTests.swift; sourceTree = "<group>"; };
		6E6B6C62290B202F0033DD58 /* Order.swift */ = {isa = PBXFileReference; fileEncoding = 4; lastKnownFileType = sourcecode.swift; path = Order.swift; sourceTree = "<group>"; };
		6E6B6C63290B202F0033DD58 /* menu.json */ = {isa = PBXFileReference; fileEncoding = 4; lastKnownFileType = text.json; path = menu.json; sourceTree = "<group>"; };
		6E6B6C64290B202F0033DD58 /* Helper.swift */ = {isa = PBXFileReference; fileEncoding = 4; lastKnownFileType = sourcecode.swift; path = Helper.swift; sourceTree = "<group>"; };
		6E6B6C65290B202F0033DD58 /* Menu.swift */ = {isa = PBXFileReference; fileEncoding = 4; lastKnownFileType = sourcecode.swift; path = Menu.swift; sourceTree = "<group>"; };
		6E6B6C6A290B24870033DD58 /* ItemRow.swift */ = {isa = PBXFileReference; lastKnownFileType = sourcecode.swift; path = ItemRow.swift; sourceTree = "<group>"; };
/* End PBXFileReference section */

/* Begin PBXFrameworksBuildPhase section */
		6E6B6C32290B20180033DD58 /* Frameworks */ = {
			isa = PBXFrameworksBuildPhase;
			buildActionMask = 2147483647;
			files = (
			);
			runOnlyForDeploymentPostprocessing = 0;
		};
		6E6B6C42290B201B0033DD58 /* Frameworks */ = {
			isa = PBXFrameworksBuildPhase;
			buildActionMask = 2147483647;
			files = (
			);
			runOnlyForDeploymentPostprocessing = 0;
		};
		6E6B6C4C290B201B0033DD58 /* Frameworks */ = {
			isa = PBXFrameworksBuildPhase;
			buildActionMask = 2147483647;
			files = (
			);
			runOnlyForDeploymentPostprocessing = 0;
		};
/* End PBXFrameworksBuildPhase section */

/* Begin PBXGroup section */
		6E6B6C2C290B20180033DD58 = {
			isa = PBXGroup;
			children = (
				6E6B6C37290B20180033DD58 /* iDini 2 */,
				6E6B6C48290B201B0033DD58 /* iDini 2Tests */,
				6E6B6C52290B201B0033DD58 /* iDini 2UITests */,
				6E6B6C36290B20180033DD58 /* Products */,
			);
			sourceTree = "<group>";
		};
		6E6B6C36290B20180033DD58 /* Products */ = {
			isa = PBXGroup;
			children = (
				6E6B6C35290B20180033DD58 /* iDini 2.app */,
				6E6B6C45290B201B0033DD58 /* iDini 2Tests.xctest */,
				6E6B6C4F290B201B0033DD58 /* iDini 2UITests.xctest */,
			);
			name = Products;
			sourceTree = "<group>";
		};
		6E6B6C37290B20180033DD58 /* iDini 2 */ = {
			isa = PBXGroup;
			children = (
				6E6B6C64290B202F0033DD58 /* Helper.swift */,
				6E6B6C63290B202F0033DD58 /* menu.json */,
				6E6B6C65290B202F0033DD58 /* Menu.swift */,
				6E6B6C62290B202F0033DD58 /* Order.swift */,
				6E6B6C38290B20180033DD58 /* iDini_2App.swift */,
				6E6B6C3A290B20180033DD58 /* ContentView.swift */,
				6E6B6C6A290B24870033DD58 /* ItemRow.swift */,
				6E6B6C3C290B201B0033DD58 /* Assets.xcassets */,
				6E6B6C3E290B201B0033DD58 /* Preview Content */,
			);
			path = "iDini 2";
			sourceTree = "<group>";
		};
		6E6B6C3E290B201B0033DD58 /* Preview Content */ = {
			isa = PBXGroup;
			children = (
				6E6B6C3F290B201B0033DD58 /* Preview Assets.xcassets */,
			);
			path = "Preview Content";
			sourceTree = "<group>";
		};
		6E6B6C48290B201B0033DD58 /* iDini 2Tests */ = {
			isa = PBXGroup;
			children = (
				6E6B6C49290B201B0033DD58 /* iDini_2Tests.swift */,
			);
			path = "iDini 2Tests";
			sourceTree = "<group>";
		};
		6E6B6C52290B201B0033DD58 /* iDini 2UITests */ = {
			isa = PBXGroup;
			children = (
				6E6B6C53290B201B0033DD58 /* iDini_2UITests.swift */,
				6E6B6C55290B201B0033DD58 /* iDini_2UITestsLaunchTests.swift */,
			);
			path = "iDini 2UITests";
			sourceTree = "<group>";
		};
/* End PBXGroup section */

/* Begin PBXNativeTarget section */
		6E6B6C34290B20180033DD58 /* iDini 2 */ = {
			isa = PBXNativeTarget;
			buildConfigurationList = 6E6B6C59290B201B0033DD58 /* Build configuration list for PBXNativeTarget "iDini 2" */;
			buildPhases = (
				6E6B6C31290B20180033DD58 /* Sources */,
				6E6B6C32290B20180033DD58 /* Frameworks */,
				6E6B6C33290B20180033DD58 /* Resources */,
			);
			buildRules = (
			);
			dependencies = (
			);
			name = "iDini 2";
			productName = "iDini 2";
			productReference = 6E6B6C35290B20180033DD58 /* iDini 2.app */;
			productType = "com.apple.product-type.application";
		};
		6E6B6C44290B201B0033DD58 /* iDini 2Tests */ = {
			isa = PBXNativeTarget;
			buildConfigurationList = 6E6B6C5C290B201B0033DD58 /* Build configuration list for PBXNativeTarget "iDini 2Tests" */;
			buildPhases = (
				6E6B6C41290B201B0033DD58 /* Sources */,
				6E6B6C42290B201B0033DD58 /* Frameworks */,
				6E6B6C43290B201B0033DD58 /* Resources */,
			);
			buildRules = (
			);
			dependencies = (
				6E6B6C47290B201B0033DD58 /* PBXTargetDependency */,
			);
			name = "iDini 2Tests";
			productName = "iDini 2Tests";
			productReference = 6E6B6C45290B201B0033DD58 /* iDini 2Tests.xctest */;
			productType = "com.apple.product-type.bundle.unit-test";
		};
		6E6B6C4E290B201B0033DD58 /* iDini 2UITests */ = {
			isa = PBXNativeTarget;
			buildConfigurationList = 6E6B6C5F290B201B0033DD58 /* Build configuration list for PBXNativeTarget "iDini 2UITests" */;
			buildPhases = (
				6E6B6C4B290B201B0033DD58 /* Sources */,
				6E6B6C4C290B201B0033DD58 /* Frameworks */,
				6E6B6C4D290B201B0033DD58 /* Resources */,
			);
			buildRules = (
			);
			dependencies = (
				6E6B6C51290B201B0033DD58 /* PBXTargetDependency */,
			);
			name = "iDini 2UITests";
			productName = "iDini 2UITests";
			productReference = 6E6B6C4F290B201B0033DD58 /* iDini 2UITests.xctest */;
			productType = "com.apple.product-type.bundle.ui-testing";
		};
/* End PBXNativeTarget section */

/* Begin PBXProject section */
		6E6B6C2D290B20180033DD58 /* Project object */ = {
			isa = PBXProject;
			attributes = {
				BuildIndependentTargetsInParallel = 1;
				LastSwiftUpdateCheck = 1340;
				LastUpgradeCheck = 1340;
				TargetAttributes = {
					6E6B6C34290B20180033DD58 = {
						CreatedOnToolsVersion = 13.4.1;
					};
					6E6B6C44290B201B0033DD58 = {
						CreatedOnToolsVersion = 13.4.1;
						TestTargetID = 6E6B6C34290B20180033DD58;
					};
					6E6B6C4E290B201B0033DD58 = {
						CreatedOnToolsVersion = 13.4.1;
						TestTargetID = 6E6B6C34290B20180033DD58;
					};
				};
			};
			buildConfigurationList = 6E6B6C30290B20180033DD58 /* Build configuration list for PBXProject "iDini 2" */;
			compatibilityVersion = "Xcode 13.0";
			developmentRegion = en;
			hasScannedForEncodings = 0;
			knownRegions = (
				en,
				Base,
			);
			mainGroup = 6E6B6C2C290B20180033DD58;
			productRefGroup = 6E6B6C36290B20180033DD58 /* Products */;
			projectDirPath = "";
			projectRoot = "";
			targets = (
				6E6B6C34290B20180033DD58 /* iDini 2 */,
				6E6B6C44290B201B0033DD58 /* iDini 2Tests */,
				6E6B6C4E290B201B0033DD58 /* iDini 2UITests */,
			);
		};
/* End PBXProject section */

/* Begin PBXResourcesBuildPhase section */
		6E6B6C33290B20180033DD58 /* Resources */ = {
			isa = PBXResourcesBuildPhase;
			buildActionMask = 2147483647;
			files = (
				6E6B6C67290B202F0033DD58 /* menu.json in Resources */,
				6E6B6C40290B201B0033DD58 /* Preview Assets.xcassets in Resources */,
				6E6B6C3D290B201B0033DD58 /* Assets.xcassets in Resources */,
			);
			runOnlyForDeploymentPostprocessing = 0;
		};
		6E6B6C43290B201B0033DD58 /* Resources */ = {
			isa = PBXResourcesBuildPhase;
			buildActionMask = 2147483647;
			files = (
			);
			runOnlyForDeploymentPostprocessing = 0;
		};
		6E6B6C4D290B201B0033DD58 /* Resources */ = {
			isa = PBXResourcesBuildPhase;
			buildActionMask = 2147483647;
			files = (
			);
			runOnlyForDeploymentPostprocessing = 0;
		};
/* End PBXResourcesBuildPhase section */

/* Begin PBXSourcesBuildPhase section */
		6E6B6C31290B20180033DD58 /* Sources */ = {
			isa = PBXSourcesBuildPhase;
			buildActionMask = 2147483647;
			files = (
				6E6B6C66290B202F0033DD58 /* Order.swift in Sources */,
				6E6B6C3B290B20180033DD58 /* ContentView.swift in Sources */,
				6E6B6C39290B20180033DD58 /* iDini_2App.swift in Sources */,
				6E6B6C6B290B24870033DD58 /* ItemRow.swift in Sources */,
				6E6B6C68290B202F0033DD58 /* Helper.swift in Sources */,
				6E6B6C69290B202F0033DD58 /* Menu.swift in Sources */,
			);
			runOnlyForDeploymentPostprocessing = 0;
		};
		6E6B6C41290B201B0033DD58 /* Sources */ = {
			isa = PBXSourcesBuildPhase;
			buildActionMask = 2147483647;
			files = (
				6E6B6C4A290B201B0033DD58 /* iDini_2Tests.swift in Sources */,
			);
			runOnlyForDeploymentPostprocessing = 0;
		};
		6E6B6C4B290B201B0033DD58 /* Sources */ = {
			isa = PBXSourcesBuildPhase;
			buildActionMask = 2147483647;
			files = (
				6E6B6C54290B201B0033DD58 /* iDini_2UITests.swift in Sources */,
				6E6B6C56290B201B0033DD58 /* iDini_2UITestsLaunchTests.swift in Sources */,
			);
			runOnlyForDeploymentPostprocessing = 0;
		};
/* End PBXSourcesBuildPhase section */

/* Begin PBXTargetDependency section */
		6E6B6C47290B201B0033DD58 /* PBXTargetDependency */ = {
			isa = PBXTargetDependency;
			target = 6E6B6C34290B20180033DD58 /* iDini 2 */;
			targetProxy = 6E6B6C46290B201B0033DD58 /* PBXContainerItemProxy */;
		};
		6E6B6C51290B201B0033DD58 /* PBXTargetDependency */ = {
			isa = PBXTargetDependency;
			target = 6E6B6C34290B20180033DD58 /* iDini 2 */;
			targetProxy = 6E6B6C50290B201B0033DD58 /* PBXContainerItemProxy */;
		};
/* End PBXTargetDependency section */

/* Begin XCBuildConfiguration section */
		6E6B6C57290B201B0033DD58 /* Debug */ = {
			isa = XCBuildConfiguration;
			buildSettings = {
				ALWAYS_SEARCH_USER_PATHS = NO;
				CLANG_ANALYZER_NONNULL = YES;
				CLANG_ANALYZER_NUMBER_OBJECT_CONVERSION = YES_AGGRESSIVE;
				CLANG_CXX_LANGUAGE_STANDARD = "gnu++17";
				CLANG_ENABLE_MODULES = YES;
				CLANG_ENABLE_OBJC_ARC = YES;
				CLANG_ENABLE_OBJC_WEAK = YES;
				CLANG_WARN_BLOCK_CAPTURE_AUTORELEASING = YES;
				CLANG_WARN_BOOL_CONVERSION = YES;
				CLANG_WARN_COMMA = YES;
				CLANG_WARN_CONSTANT_CONVERSION = YES;
				CLANG_WARN_DEPRECATED_OBJC_IMPLEMENTATIONS = YES;
				CLANG_WARN_DIRECT_OBJC_ISA_USAGE = YES_ERROR;
				CLANG_WARN_DOCUMENTATION_COMMENTS = YES;
				CLANG_WARN_EMPTY_BODY = YES;
				CLANG_WARN_ENUM_CONVERSION = YES;
				CLANG_WARN_INFINITE_RECURSION = YES;
				CLANG_WARN_INT_CONVERSION = YES;
				CLANG_WARN_NON_LITERAL_NULL_CONVERSION = YES;
				CLANG_WARN_OBJC_IMPLICIT_RETAIN_SELF = YES;
				CLANG_WARN_OBJC_LITERAL_CONVERSION = YES;
				CLANG_WARN_OBJC_ROOT_CLASS = YES_ERROR;
				CLANG_WARN_QUOTED_INCLUDE_IN_FRAMEWORK_HEADER = YES;
				CLANG_WARN_RANGE_LOOP_ANALYSIS = YES;
				CLANG_WARN_STRICT_PROTOTYPES = YES;
				CLANG_WARN_SUSPICIOUS_MOVE = YES;
				CLANG_WARN_UNGUARDED_AVAILABILITY = YES_AGGRESSIVE;
				CLANG_WARN_UNREACHABLE_CODE = YES;
				CLANG_WARN__DUPLICATE_METHOD_MATCH = YES;
				COPY_PHASE_STRIP = NO;
				DEBUG_INFORMATION_FORMAT = dwarf;
				ENABLE_STRICT_OBJC_MSGSEND = YES;
				ENABLE_TESTABILITY = YES;
				GCC_C_LANGUAGE_STANDARD = gnu11;
				GCC_DYNAMIC_NO_PIC = NO;
				GCC_NO_COMMON_BLOCKS = YES;
				GCC_OPTIMIZATION_LEVEL = 0;
				GCC_PREPROCESSOR_DEFINITIONS = (
					"DEBUG=1",
					"$(inherited)",
				);
				GCC_WARN_64_TO_32_BIT_CONVERSION = YES;
				GCC_WARN_ABOUT_RETURN_TYPE = YES_ERROR;
				GCC_WARN_UNDECLARED_SELECTOR = YES;
				GCC_WARN_UNINITIALIZED_AUTOS = YES_AGGRESSIVE;
				GCC_WARN_UNUSED_FUNCTION = YES;
				GCC_WARN_UNUSED_VARIABLE = YES;
				IPHONEOS_DEPLOYMENT_TARGET = 15.5;
				MTL_ENABLE_DEBUG_INFO = INCLUDE_SOURCE;
				MTL_FAST_MATH = YES;
				ONLY_ACTIVE_ARCH = YES;
				SDKROOT = iphoneos;
				SWIFT_ACTIVE_COMPILATION_CONDITIONS = DEBUG;
				SWIFT_OPTIMIZATION_LEVEL = "-Onone";
			};
			name = Debug;
		};
		6E6B6C58290B201B0033DD58 /* Release */ = {
			isa = XCBuildConfiguration;
			buildSettings = {
				ALWAYS_SEARCH_USER_PATHS = NO;
				CLANG_ANALYZER_NONNULL = YES;
				CLANG_ANALYZER_NUMBER_OBJECT_CONVERSION = YES_AGGRESSIVE;
				CLANG_CXX_LANGUAGE_STANDARD = "gnu++17";
				CLANG_ENABLE_MODULES = YES;
				CLANG_ENABLE_OBJC_ARC = YES;
				CLANG_ENABLE_OBJC_WEAK = YES;
				CLANG_WARN_BLOCK_CAPTURE_AUTORELEASING = YES;
				CLANG_WARN_BOOL_CONVERSION = YES;
				CLANG_WARN_COMMA = YES;
				CLANG_WARN_CONSTANT_CONVERSION = YES;
				CLANG_WARN_DEPRECATED_OBJC_IMPLEMENTATIONS = YES;
				CLANG_WARN_DIRECT_OBJC_ISA_USAGE = YES_ERROR;
				CLANG_WARN_DOCUMENTATION_COMMENTS = YES;
				CLANG_WARN_EMPTY_BODY = YES;
				CLANG_WARN_ENUM_CONVERSION = YES;
				CLANG_WARN_INFINITE_RECURSION = YES;
				CLANG_WARN_INT_CONVERSION = YES;
				CLANG_WARN_NON_LITERAL_NULL_CONVERSION = YES;
				CLANG_WARN_OBJC_IMPLICIT_RETAIN_SELF = YES;
				CLANG_WARN_OBJC_LITERAL_CONVERSION = YES;
				CLANG_WARN_OBJC_ROOT_CLASS = YES_ERROR;
				CLANG_WARN_QUOTED_INCLUDE_IN_FRAMEWORK_HEADER = YES;
				CLANG_WARN_RANGE_LOOP_ANALYSIS = YES;
				CLANG_WARN_STRICT_PROTOTYPES = YES;
				CLANG_WARN_SUSPICIOUS_MOVE = YES;
				CLANG_WARN_UNGUARDED_AVAILABILITY = YES_AGGRESSIVE;
				CLANG_WARN_UNREACHABLE_CODE = YES;
				CLANG_WARN__DUPLICATE_METHOD_MATCH = YES;
				COPY_PHASE_STRIP = NO;
				DEBUG_INFORMATION_FORMAT = "dwarf-with-dsym";
				ENABLE_NS_ASSERTIONS = NO;
				ENABLE_STRICT_OBJC_MSGSEND = YES;
				GCC_C_LANGUAGE_STANDARD = gnu11;
				GCC_NO_COMMON_BLOCKS = YES;
				GCC_WARN_64_TO_32_BIT_CONVERSION = YES;
				GCC_WARN_ABOUT_RETURN_TYPE = YES_ERROR;
				GCC_WARN_UNDECLARED_SELECTOR = YES;
				GCC_WARN_UNINITIALIZED_AUTOS = YES_AGGRESSIVE;
				GCC_WARN_UNUSED_FUNCTION = YES;
				GCC_WARN_UNUSED_VARIABLE = YES;
				IPHONEOS_DEPLOYMENT_TARGET = 15.5;
				MTL_ENABLE_DEBUG_INFO = NO;
				MTL_FAST_MATH = YES;
				SDKROOT = iphoneos;
				SWIFT_COMPILATION_MODE = wholemodule;
				SWIFT_OPTIMIZATION_LEVEL = "-O";
				VALIDATE_PRODUCT = YES;
			};
			name = Release;
		};
		6E6B6C5A290B201B0033DD58 /* Debug */ = {
			isa = XCBuildConfiguration;
			buildSettings = {
				ASSETCATALOG_COMPILER_APPICON_NAME = AppIcon;
				ASSETCATALOG_COMPILER_GLOBAL_ACCENT_COLOR_NAME = AccentColor;
				CODE_SIGN_STYLE = Automatic;
				CURRENT_PROJECT_VERSION = 1;
				DEVELOPMENT_ASSET_PATHS = "\"iDini 2/Preview Content\"";
				DEVELOPMENT_TEAM = 8T58FH89LR;
				ENABLE_PREVIEWS = YES;
				GENERATE_INFOPLIST_FILE = YES;
				INFOPLIST_KEY_UIApplicationSceneManifest_Generation = YES;
				INFOPLIST_KEY_UIApplicationSupportsIndirectInputEvents = YES;
				INFOPLIST_KEY_UILaunchScreen_Generation = YES;
				INFOPLIST_KEY_UISupportedInterfaceOrientations_iPad = "UIInterfaceOrientationPortrait UIInterfaceOrientationPortraitUpsideDown UIInterfaceOrientationLandscapeLeft UIInterfaceOrientationLandscapeRight";
				INFOPLIST_KEY_UISupportedInterfaceOrientations_iPhone = "UIInterfaceOrientationPortrait UIInterfaceOrientationLandscapeLeft UIInterfaceOrientationLandscapeRight";
				LD_RUNPATH_SEARCH_PATHS = (
					"$(inherited)",
					"@executable_path/Frameworks",
				);
				MARKETING_VERSION = 1.0;
				PRODUCT_BUNDLE_IDENTIFIER = "elyahk.iDini-2";
				PRODUCT_NAME = "$(TARGET_NAME)";
				SWIFT_EMIT_LOC_STRINGS = YES;
				SWIFT_VERSION = 5.0;
				TARGETED_DEVICE_FAMILY = "1,2";
			};
			name = Debug;
		};
		6E6B6C5B290B201B0033DD58 /* Release */ = {
			isa = XCBuildConfiguration;
			buildSettings = {
				ASSETCATALOG_COMPILER_APPICON_NAME = AppIcon;
				ASSETCATALOG_COMPILER_GLOBAL_ACCENT_COLOR_NAME = AccentColor;
				CODE_SIGN_STYLE = Automatic;
				CURRENT_PROJECT_VERSION = 1;
				DEVELOPMENT_ASSET_PATHS = "\"iDini 2/Preview Content\"";
				DEVELOPMENT_TEAM = 8T58FH89LR;
				ENABLE_PREVIEWS = YES;
				GENERATE_INFOPLIST_FILE = YES;
				INFOPLIST_KEY_UIApplicationSceneManifest_Generation = YES;
				INFOPLIST_KEY_UIApplicationSupportsIndirectInputEvents = YES;
				INFOPLIST_KEY_UILaunchScreen_Generation = YES;
				INFOPLIST_KEY_UISupportedInterfaceOrientations_iPad = "UIInterfaceOrientationPortrait UIInterfaceOrientationPortraitUpsideDown UIInterfaceOrientationLandscapeLeft UIInterfaceOrientationLandscapeRight";
				INFOPLIST_KEY_UISupportedInterfaceOrientations_iPhone = "UIInterfaceOrientationPortrait UIInterfaceOrientationLandscapeLeft UIInterfaceOrientationLandscapeRight";
				LD_RUNPATH_SEARCH_PATHS = (
					"$(inherited)",
					"@executable_path/Frameworks",
				);
				MARKETING_VERSION = 1.0;
				PRODUCT_BUNDLE_IDENTIFIER = "elyahk.iDini-2";
				PRODUCT_NAME = "$(TARGET_NAME)";
				SWIFT_EMIT_LOC_STRINGS = YES;
				SWIFT_VERSION = 5.0;
				TARGETED_DEVICE_FAMILY = "1,2";
			};
			name = Release;
		};
		6E6B6C5D290B201B0033DD58 /* Debug */ = {
			isa = XCBuildConfiguration;
			buildSettings = {
				ALWAYS_EMBED_SWIFT_STANDARD_LIBRARIES = YES;
				BUNDLE_LOADER = "$(TEST_HOST)";
				CODE_SIGN_STYLE = Automatic;
				CURRENT_PROJECT_VERSION = 1;
				DEVELOPMENT_TEAM = 8T58FH89LR;
				GENERATE_INFOPLIST_FILE = YES;
				IPHONEOS_DEPLOYMENT_TARGET = 15.5;
				MARKETING_VERSION = 1.0;
				PRODUCT_BUNDLE_IDENTIFIER = "elyahk.iDini-2Tests";
				PRODUCT_NAME = "$(TARGET_NAME)";
				SWIFT_EMIT_LOC_STRINGS = NO;
				SWIFT_VERSION = 5.0;
				TARGETED_DEVICE_FAMILY = "1,2";
				TEST_HOST = "$(BUILT_PRODUCTS_DIR)/iDini 2.app/iDini 2";
			};
			name = Debug;
		};
		6E6B6C5E290B201B0033DD58 /* Release */ = {
			isa = XCBuildConfiguration;
			buildSettings = {
				ALWAYS_EMBED_SWIFT_STANDARD_LIBRARIES = YES;
				BUNDLE_LOADER = "$(TEST_HOST)";
				CODE_SIGN_STYLE = Automatic;
				CURRENT_PROJECT_VERSION = 1;
				DEVELOPMENT_TEAM = 8T58FH89LR;
				GENERATE_INFOPLIST_FILE = YES;
				IPHONEOS_DEPLOYMENT_TARGET = 15.5;
				MARKETING_VERSION = 1.0;
				PRODUCT_BUNDLE_IDENTIFIER = "elyahk.iDini-2Tests";
				PRODUCT_NAME = "$(TARGET_NAME)";
				SWIFT_EMIT_LOC_STRINGS = NO;
				SWIFT_VERSION = 5.0;
				TARGETED_DEVICE_FAMILY = "1,2";
				TEST_HOST = "$(BUILT_PRODUCTS_DIR)/iDini 2.app/iDini 2";
			};
			name = Release;
		};
		6E6B6C60290B201B0033DD58 /* Debug */ = {
			isa = XCBuildConfiguration;
			buildSettings = {
				ALWAYS_EMBED_SWIFT_STANDARD_LIBRARIES = YES;
				CODE_SIGN_STYLE = Automatic;
				CURRENT_PROJECT_VERSION = 1;
				DEVELOPMENT_TEAM = 8T58FH89LR;
				GENERATE_INFOPLIST_FILE = YES;
				MARKETING_VERSION = 1.0;
				PRODUCT_BUNDLE_IDENTIFIER = "elyahk.iDini-2UITests";
				PRODUCT_NAME = "$(TARGET_NAME)";
				SWIFT_EMIT_LOC_STRINGS = NO;
				SWIFT_VERSION = 5.0;
				TARGETED_DEVICE_FAMILY = "1,2";
				TEST_TARGET_NAME = "iDini 2";
			};
			name = Debug;
		};
		6E6B6C61290B201B0033DD58 /* Release */ = {
			isa = XCBuildConfiguration;
			buildSettings = {
				ALWAYS_EMBED_SWIFT_STANDARD_LIBRARIES = YES;
				CODE_SIGN_STYLE = Automatic;
				CURRENT_PROJECT_VERSION = 1;
				DEVELOPMENT_TEAM = 8T58FH89LR;
				GENERATE_INFOPLIST_FILE = YES;
				MARKETING_VERSION = 1.0;
				PRODUCT_BUNDLE_IDENTIFIER = "elyahk.iDini-2UITests";
				PRODUCT_NAME = "$(TARGET_NAME)";
				SWIFT_EMIT_LOC_STRINGS = NO;
				SWIFT_VERSION = 5.0;
				TARGETED_DEVICE_FAMILY = "1,2";
				TEST_TARGET_NAME = "iDini 2";
			};
			name = Release;
		};
/* End XCBuildConfiguration section */

/* Begin XCConfigurationList section */
		6E6B6C30290B20180033DD58 /* Build configuration list for PBXProject "iDini 2" */ = {
			isa = XCConfigurationList;
			buildConfigurations = (
				6E6B6C57290B201B0033DD58 /* Debug */,
				6E6B6C58290B201B0033DD58 /* Release */,
			);
			defaultConfigurationIsVisible = 0;
			defaultConfigurationName = Release;
		};
		6E6B6C59290B201B0033DD58 /* Build configuration list for PBXNativeTarget "iDini 2" */ = {
			isa = XCConfigurationList;
			buildConfigurations = (
				6E6B6C5A290B201B0033DD58 /* Debug */,
				6E6B6C5B290B201B0033DD58 /* Release */,
			);
			defaultConfigurationIsVisible = 0;
			defaultConfigurationName = Release;
		};
		6E6B6C5C290B201B0033DD58 /* Build configuration list for PBXNativeTarget "iDini 2Tests" */ = {
			isa = XCConfigurationList;
			buildConfigurations = (
				6E6B6C5D290B201B0033DD58 /* Debug */,
				6E6B6C5E290B201B0033DD58 /* Release */,
			);
			defaultConfigurationIsVisible = 0;
			defaultConfigurationName = Release;
		};
		6E6B6C5F290B201B0033DD58 /* Build configuration list for PBXNativeTarget "iDini 2UITests" */ = {
			isa = XCConfigurationList;
			buildConfigurations = (
				6E6B6C60290B201B0033DD58 /* Debug */,
				6E6B6C61290B201B0033DD58 /* Release */,
			);
			defaultConfigurationIsVisible = 0;
			defaultConfigurationName = Release;
		};
/* End XCConfigurationList section */
	};
	rootObject = 6E6B6C2D290B20180033DD58 /* Project object */;
}
